// !$*UTF8*$!
{
	archiveVersion = 1;
	classes = {
	};
	objectVersion = 55;
	objects = {

/* Begin PBXBuildFile section */
		9694364F278C1B39007B3405 /* EmojiArtApp.swift in Sources */ = {isa = PBXBuildFile; fileRef = 9694363B278C1B36007B3405 /* EmojiArtApp.swift */; };
		96943650278C1B39007B3405 /* EmojiArtApp.swift in Sources */ = {isa = PBXBuildFile; fileRef = 9694363B278C1B36007B3405 /* EmojiArtApp.swift */; };
		96943651278C1B39007B3405 /* EmojiArtDocument.swift in Sources */ = {isa = PBXBuildFile; fileRef = 9694363C278C1B36007B3405 /* EmojiArtDocument.swift */; };
		96943652278C1B39007B3405 /* EmojiArtDocument.swift in Sources */ = {isa = PBXBuildFile; fileRef = 9694363C278C1B36007B3405 /* EmojiArtDocument.swift */; };
		96943655278C1B39007B3405 /* Assets.xcassets in Resources */ = {isa = PBXBuildFile; fileRef = 9694363E278C1B39007B3405 /* Assets.xcassets */; };
		96943656278C1B39007B3405 /* Assets.xcassets in Resources */ = {isa = PBXBuildFile; fileRef = 9694363E278C1B39007B3405 /* Assets.xcassets */; };
		96943669278C1CAF007B3405 /* PaletteManager.swift in Sources */ = {isa = PBXBuildFile; fileRef = 9694365F278C1CAE007B3405 /* PaletteManager.swift */; };
		9694366B278C1CAF007B3405 /* PhotoLibrary.swift in Sources */ = {isa = PBXBuildFile; fileRef = 96943660278C1CAE007B3405 /* PhotoLibrary.swift */; };
		9694366D278C1CAF007B3405 /* UtilityExtensions.swift in Sources */ = {isa = PBXBuildFile; fileRef = 96943661278C1CAE007B3405 /* UtilityExtensions.swift */; };
		9694366E278C1CAF007B3405 /* UtilityExtensions.swift in Sources */ = {isa = PBXBuildFile; fileRef = 96943661278C1CAE007B3405 /* UtilityExtensions.swift */; };
		9694366F278C1CAF007B3405 /* Info.plist in Resources */ = {isa = PBXBuildFile; fileRef = 96943662278C1CAE007B3405 /* Info.plist */; };
		96943670278C1CAF007B3405 /* Info.plist in Resources */ = {isa = PBXBuildFile; fileRef = 96943662278C1CAE007B3405 /* Info.plist */; };
		96943671278C1CAF007B3405 /* UtilityViews.swift in Sources */ = {isa = PBXBuildFile; fileRef = 96943663278C1CAE007B3405 /* UtilityViews.swift */; };
		96943672278C1CAF007B3405 /* UtilityViews.swift in Sources */ = {isa = PBXBuildFile; fileRef = 96943663278C1CAE007B3405 /* UtilityViews.swift */; };
		96943673278C1CAF007B3405 /* EmojiArtModel.Background.swift in Sources */ = {isa = PBXBuildFile; fileRef = 96943664278C1CAF007B3405 /* EmojiArtModel.Background.swift */; };
		96943674278C1CAF007B3405 /* EmojiArtModel.Background.swift in Sources */ = {isa = PBXBuildFile; fileRef = 96943664278C1CAF007B3405 /* EmojiArtModel.Background.swift */; };
		96943675278C1CAF007B3405 /* EmojiArtModel.swift in Sources */ = {isa = PBXBuildFile; fileRef = 96943665278C1CAF007B3405 /* EmojiArtModel.swift */; };
		96943676278C1CAF007B3405 /* EmojiArtModel.swift in Sources */ = {isa = PBXBuildFile; fileRef = 96943665278C1CAF007B3405 /* EmojiArtModel.swift */; };
		96943677278C1CAF007B3405 /* EmojiArtDocumentView.swift in Sources */ = {isa = PBXBuildFile; fileRef = 96943666278C1CAF007B3405 /* EmojiArtDocumentView.swift */; };
		96943678278C1CAF007B3405 /* EmojiArtDocumentView.swift in Sources */ = {isa = PBXBuildFile; fileRef = 96943666278C1CAF007B3405 /* EmojiArtDocumentView.swift */; };
		96943679278C1CAF007B3405 /* PaletteChooser.swift in Sources */ = {isa = PBXBuildFile; fileRef = 96943667278C1CAF007B3405 /* PaletteChooser.swift */; };
		9694367A278C1CAF007B3405 /* PaletteChooser.swift in Sources */ = {isa = PBXBuildFile; fileRef = 96943667278C1CAF007B3405 /* PaletteChooser.swift */; };
		9694367B278C1CAF007B3405 /* PaletteEditor.swift in Sources */ = {isa = PBXBuildFile; fileRef = 96943668278C1CAF007B3405 /* PaletteEditor.swift */; };
		9694367C278C1CAF007B3405 /* PaletteEditor.swift in Sources */ = {isa = PBXBuildFile; fileRef = 96943668278C1CAF007B3405 /* PaletteEditor.swift */; };
		9694367F278C1E06007B3405 /* macOS.swift in Sources */ = {isa = PBXBuildFile; fileRef = 9694367D278C1E06007B3405 /* macOS.swift */; };
		96943683278C1E5E007B3405 /* Camera.swift in Sources */ = {isa = PBXBuildFile; fileRef = 96943680278C1E5E007B3405 /* Camera.swift */; };
		96943685278C1E5E007B3405 /* PaletteStore.swift in Sources */ = {isa = PBXBuildFile; fileRef = 96943681278C1E5E007B3405 /* PaletteStore.swift */; };
		96943686278C1E5E007B3405 /* PaletteStore.swift in Sources */ = {isa = PBXBuildFile; fileRef = 96943681278C1E5E007B3405 /* PaletteStore.swift */; };
		96EAEDF8278E88AA00B93D5B /* iOS.swift in Sources */ = {isa = PBXBuildFile; fileRef = 96EAEDF7278E88AA00B93D5B /* iOS.swift */; };
/* End PBXBuildFile section */

/* Begin PBXFileReference section */
		9694363B278C1B36007B3405 /* EmojiArtApp.swift */ = {isa = PBXFileReference; lastKnownFileType = sourcecode.swift; path = EmojiArtApp.swift; sourceTree = "<group>"; };
		9694363C278C1B36007B3405 /* EmojiArtDocument.swift */ = {isa = PBXFileReference; lastKnownFileType = sourcecode.swift; path = EmojiArtDocument.swift; sourceTree = "<group>"; };
		9694363E278C1B39007B3405 /* Assets.xcassets */ = {isa = PBXFileReference; lastKnownFileType = folder.assetcatalog; path = Assets.xcassets; sourceTree = "<group>"; };
		96943643278C1B39007B3405 /* EmojiArt.app */ = {isa = PBXFileReference; explicitFileType = wrapper.application; includeInIndex = 0; path = EmojiArt.app; sourceTree = BUILT_PRODUCTS_DIR; };
		96943646278C1B39007B3405 /* Info.plist */ = {isa = PBXFileReference; lastKnownFileType = text.plist.xml; path = Info.plist; sourceTree = "<group>"; };
		9694364B278C1B39007B3405 /* EmojiArt.app */ = {isa = PBXFileReference; explicitFileType = wrapper.application; includeInIndex = 0; path = EmojiArt.app; sourceTree = BUILT_PRODUCTS_DIR; };
		9694364D278C1B39007B3405 /* Info.plist */ = {isa = PBXFileReference; lastKnownFileType = text.plist.xml; path = Info.plist; sourceTree = "<group>"; };
		9694364E278C1B39007B3405 /* macOS.entitlements */ = {isa = PBXFileReference; lastKnownFileType = text.plist.entitlements; path = macOS.entitlements; sourceTree = "<group>"; };
		9694365F278C1CAE007B3405 /* PaletteManager.swift */ = {isa = PBXFileReference; fileEncoding = 4; lastKnownFileType = sourcecode.swift; path = PaletteManager.swift; sourceTree = "<group>"; };
		96943660278C1CAE007B3405 /* PhotoLibrary.swift */ = {isa = PBXFileReference; fileEncoding = 4; lastKnownFileType = sourcecode.swift; path = PhotoLibrary.swift; sourceTree = "<group>"; };
		96943661278C1CAE007B3405 /* UtilityExtensions.swift */ = {isa = PBXFileReference; fileEncoding = 4; lastKnownFileType = sourcecode.swift; path = UtilityExtensions.swift; sourceTree = "<group>"; };
		96943662278C1CAE007B3405 /* Info.plist */ = {isa = PBXFileReference; fileEncoding = 4; lastKnownFileType = text.plist.xml; path = Info.plist; sourceTree = "<group>"; };
		96943663278C1CAE007B3405 /* UtilityViews.swift */ = {isa = PBXFileReference; fileEncoding = 4; lastKnownFileType = sourcecode.swift; path = UtilityViews.swift; sourceTree = "<group>"; };
		96943664278C1CAF007B3405 /* EmojiArtModel.Background.swift */ = {isa = PBXFileReference; fileEncoding = 4; lastKnownFileType = sourcecode.swift; path = EmojiArtModel.Background.swift; sourceTree = "<group>"; };
		96943665278C1CAF007B3405 /* EmojiArtModel.swift */ = {isa = PBXFileReference; fileEncoding = 4; lastKnownFileType = sourcecode.swift; path = EmojiArtModel.swift; sourceTree = "<group>"; };
		96943666278C1CAF007B3405 /* EmojiArtDocumentView.swift */ = {isa = PBXFileReference; fileEncoding = 4; lastKnownFileType = sourcecode.swift; path = EmojiArtDocumentView.swift; sourceTree = "<group>"; };
		96943667278C1CAF007B3405 /* PaletteChooser.swift */ = {isa = PBXFileReference; fileEncoding = 4; lastKnownFileType = sourcecode.swift; path = PaletteChooser.swift; sourceTree = "<group>"; };
		96943668278C1CAF007B3405 /* PaletteEditor.swift */ = {isa = PBXFileReference; fileEncoding = 4; lastKnownFileType = sourcecode.swift; path = PaletteEditor.swift; sourceTree = "<group>"; };
		9694367D278C1E06007B3405 /* macOS.swift */ = {isa = PBXFileReference; lastKnownFileType = sourcecode.swift; path = macOS.swift; sourceTree = "<group>"; };
		96943680278C1E5E007B3405 /* Camera.swift */ = {isa = PBXFileReference; fileEncoding = 4; lastKnownFileType = sourcecode.swift; path = Camera.swift; sourceTree = "<group>"; };
		96943681278C1E5E007B3405 /* PaletteStore.swift */ = {isa = PBXFileReference; fileEncoding = 4; lastKnownFileType = sourcecode.swift; path = PaletteStore.swift; sourceTree = "<group>"; };
		96EAEDF7278E88AA00B93D5B /* iOS.swift */ = {isa = PBXFileReference; lastKnownFileType = sourcecode.swift; path = iOS.swift; sourceTree = "<group>"; };
/* End PBXFileReference section */

/* Begin PBXFrameworksBuildPhase section */
		96943640278C1B39007B3405 /* Frameworks */ = {
			isa = PBXFrameworksBuildPhase;
			buildActionMask = 2147483647;
			files = (
			);
			runOnlyForDeploymentPostprocessing = 0;
		};
		96943648278C1B39007B3405 /* Frameworks */ = {
			isa = PBXFrameworksBuildPhase;
			buildActionMask = 2147483647;
			files = (
			);
			runOnlyForDeploymentPostprocessing = 0;
		};
/* End PBXFrameworksBuildPhase section */

/* Begin PBXGroup section */
		96943635278C1B36007B3405 = {
			isa = PBXGroup;
			children = (
				9694363A278C1B36007B3405 /* Shared */,
				96943645278C1B39007B3405 /* iOS */,
				9694364C278C1B39007B3405 /* macOS */,
				96943644278C1B39007B3405 /* Products */,
			);
			sourceTree = "<group>";
		};
		9694363A278C1B36007B3405 /* Shared */ = {
			isa = PBXGroup;
			children = (
				96943681278C1E5E007B3405 /* PaletteStore.swift */,
				9694363B278C1B36007B3405 /* EmojiArtApp.swift */,
				9694363C278C1B36007B3405 /* EmojiArtDocument.swift */,
				96943666278C1CAF007B3405 /* EmojiArtDocumentView.swift */,
				96943664278C1CAF007B3405 /* EmojiArtModel.Background.swift */,
				96943665278C1CAF007B3405 /* EmojiArtModel.swift */,
				96943662278C1CAE007B3405 /* Info.plist */,
				96943667278C1CAF007B3405 /* PaletteChooser.swift */,
				96943668278C1CAF007B3405 /* PaletteEditor.swift */,
				96943661278C1CAE007B3405 /* UtilityExtensions.swift */,
				96943663278C1CAE007B3405 /* UtilityViews.swift */,
				9694363E278C1B39007B3405 /* Assets.xcassets */,
			);
			path = Shared;
			sourceTree = "<group>";
		};
		96943644278C1B39007B3405 /* Products */ = {
			isa = PBXGroup;
			children = (
				96943643278C1B39007B3405 /* EmojiArt.app */,
				9694364B278C1B39007B3405 /* EmojiArt.app */,
			);
			name = Products;
			sourceTree = "<group>";
		};
		96943645278C1B39007B3405 /* iOS */ = {
			isa = PBXGroup;
			children = (
				9694365F278C1CAE007B3405 /* PaletteManager.swift */,
				96943680278C1E5E007B3405 /* Camera.swift */,
				96943660278C1CAE007B3405 /* PhotoLibrary.swift */,
				96943646278C1B39007B3405 /* Info.plist */,
				96EAEDF7278E88AA00B93D5B /* iOS.swift */,
			);
			path = iOS;
			sourceTree = "<group>";
		};
		9694364C278C1B39007B3405 /* macOS */ = {
			isa = PBXGroup;
			children = (
				9694364D278C1B39007B3405 /* Info.plist */,
				9694364E278C1B39007B3405 /* macOS.entitlements */,
				9694367D278C1E06007B3405 /* macOS.swift */,
			);
			path = macOS;
			sourceTree = "<group>";
		};
/* End PBXGroup section */

/* Begin PBXNativeTarget section */
		96943642278C1B39007B3405 /* EmojiArt (iOS) */ = {
			isa = PBXNativeTarget;
			buildConfigurationList = 96943659278C1B39007B3405 /* Build configuration list for PBXNativeTarget "EmojiArt (iOS)" */;
			buildPhases = (
				9694363F278C1B39007B3405 /* Sources */,
				96943640278C1B39007B3405 /* Frameworks */,
				96943641278C1B39007B3405 /* Resources */,
			);
			buildRules = (
			);
			dependencies = (
			);
			name = "EmojiArt (iOS)";
			productName = "EmojiArt (iOS)";
			productReference = 96943643278C1B39007B3405 /* EmojiArt.app */;
			productType = "com.apple.product-type.application";
		};
		9694364A278C1B39007B3405 /* EmojiArt (macOS) */ = {
			isa = PBXNativeTarget;
			buildConfigurationList = 9694365C278C1B39007B3405 /* Build configuration list for PBXNativeTarget "EmojiArt (macOS)" */;
			buildPhases = (
				96943647278C1B39007B3405 /* Sources */,
				96943648278C1B39007B3405 /* Frameworks */,
				96943649278C1B39007B3405 /* Resources */,
			);
			buildRules = (
			);
			dependencies = (
			);
			name = "EmojiArt (macOS)";
			productName = "EmojiArt (macOS)";
			productReference = 9694364B278C1B39007B3405 /* EmojiArt.app */;
			productType = "com.apple.product-type.application";
		};
/* End PBXNativeTarget section */

/* Begin PBXProject section */
		96943636278C1B36007B3405 /* Project object */ = {
			isa = PBXProject;
			attributes = {
				BuildIndependentTargetsInParallel = 1;
				LastSwiftUpdateCheck = 1320;
				LastUpgradeCheck = 1320;
				TargetAttributes = {
					96943642278C1B39007B3405 = {
						CreatedOnToolsVersion = 13.2.1;
					};
					9694364A278C1B39007B3405 = {
						CreatedOnToolsVersion = 13.2.1;
					};
				};
			};
			buildConfigurationList = 96943639278C1B36007B3405 /* Build configuration list for PBXProject "EmojiArt" */;
			compatibilityVersion = "Xcode 13.0";
			developmentRegion = en;
			hasScannedForEncodings = 0;
			knownRegions = (
				en,
				Base,
			);
			mainGroup = 96943635278C1B36007B3405;
			productRefGroup = 96943644278C1B39007B3405 /* Products */;
			projectDirPath = "";
			projectRoot = "";
			targets = (
				96943642278C1B39007B3405 /* EmojiArt (iOS) */,
				9694364A278C1B39007B3405 /* EmojiArt (macOS) */,
			);
		};
/* End PBXProject section */

/* Begin PBXResourcesBuildPhase section */
		96943641278C1B39007B3405 /* Resources */ = {
			isa = PBXResourcesBuildPhase;
			buildActionMask = 2147483647;
			files = (
				9694366F278C1CAF007B3405 /* Info.plist in Resources */,
				96943655278C1B39007B3405 /* Assets.xcassets in Resources */,
			);
			runOnlyForDeploymentPostprocessing = 0;
		};
		96943649278C1B39007B3405 /* Resources */ = {
			isa = PBXResourcesBuildPhase;
			buildActionMask = 2147483647;
			files = (
				96943670278C1CAF007B3405 /* Info.plist in Resources */,
				96943656278C1B39007B3405 /* Assets.xcassets in Resources */,
			);
			runOnlyForDeploymentPostprocessing = 0;
		};
/* End PBXResourcesBuildPhase section */

/* Begin PBXSourcesBuildPhase section */
		9694363F278C1B39007B3405 /* Sources */ = {
			isa = PBXSourcesBuildPhase;
			buildActionMask = 2147483647;
			files = (
				9694366B278C1CAF007B3405 /* PhotoLibrary.swift in Sources */,
				9694364F278C1B39007B3405 /* EmojiArtApp.swift in Sources */,
				96943677278C1CAF007B3405 /* EmojiArtDocumentView.swift in Sources */,
				96943675278C1CAF007B3405 /* EmojiArtModel.swift in Sources */,
				96943651278C1B39007B3405 /* EmojiArtDocument.swift in Sources */,
				9694366D278C1CAF007B3405 /* UtilityExtensions.swift in Sources */,
				9694367B278C1CAF007B3405 /* PaletteEditor.swift in Sources */,
				96EAEDF8278E88AA00B93D5B /* iOS.swift in Sources */,
				96943673278C1CAF007B3405 /* EmojiArtModel.Background.swift in Sources */,
				96943669278C1CAF007B3405 /* PaletteManager.swift in Sources */,
				96943683278C1E5E007B3405 /* Camera.swift in Sources */,
				96943671278C1CAF007B3405 /* UtilityViews.swift in Sources */,
				96943679278C1CAF007B3405 /* PaletteChooser.swift in Sources */,
				96943685278C1E5E007B3405 /* PaletteStore.swift in Sources */,
			);
			runOnlyForDeploymentPostprocessing = 0;
		};
		96943647278C1B39007B3405 /* Sources */ = {
			isa = PBXSourcesBuildPhase;
			buildActionMask = 2147483647;
			files = (
				9694367F278C1E06007B3405 /* macOS.swift in Sources */,
				96943650278C1B39007B3405 /* EmojiArtApp.swift in Sources */,
				96943678278C1CAF007B3405 /* EmojiArtDocumentView.swift in Sources */,
				96943676278C1CAF007B3405 /* EmojiArtModel.swift in Sources */,
				96943652278C1B39007B3405 /* EmojiArtDocument.swift in Sources */,
				9694366E278C1CAF007B3405 /* UtilityExtensions.swift in Sources */,
				9694367C278C1CAF007B3405 /* PaletteEditor.swift in Sources */,
				96943674278C1CAF007B3405 /* EmojiArtModel.Background.swift in Sources */,
				96943672278C1CAF007B3405 /* UtilityViews.swift in Sources */,
				9694367A278C1CAF007B3405 /* PaletteChooser.swift in Sources */,
				96943686278C1E5E007B3405 /* PaletteStore.swift in Sources */,
			);
			runOnlyForDeploymentPostprocessing = 0;
		};
/* End PBXSourcesBuildPhase section */

/* Begin XCBuildConfiguration section */
		96943657278C1B39007B3405 /* Debug */ = {
			isa = XCBuildConfiguration;
			buildSettings = {
				ALWAYS_SEARCH_USER_PATHS = NO;
				CLANG_ANALYZER_NONNULL = YES;
				CLANG_ANALYZER_NUMBER_OBJECT_CONVERSION = YES_AGGRESSIVE;
				CLANG_CXX_LANGUAGE_STANDARD = "gnu++17";
				CLANG_CXX_LIBRARY = "libc++";
				CLANG_ENABLE_MODULES = YES;
				CLANG_ENABLE_OBJC_ARC = YES;
				CLANG_ENABLE_OBJC_WEAK = YES;
				CLANG_WARN_BLOCK_CAPTURE_AUTORELEASING = YES;
				CLANG_WARN_BOOL_CONVERSION = YES;
				CLANG_WARN_COMMA = YES;
				CLANG_WARN_CONSTANT_CONVERSION = YES;
				CLANG_WARN_DEPRECATED_OBJC_IMPLEMENTATIONS = YES;
				CLANG_WARN_DIRECT_OBJC_ISA_USAGE = YES_ERROR;
				CLANG_WARN_DOCUMENTATION_COMMENTS = YES;
				CLANG_WARN_EMPTY_BODY = YES;
				CLANG_WARN_ENUM_CONVERSION = YES;
				CLANG_WARN_INFINITE_RECURSION = YES;
				CLANG_WARN_INT_CONVERSION = YES;
				CLANG_WARN_NON_LITERAL_NULL_CONVERSION = YES;
				CLANG_WARN_OBJC_IMPLICIT_RETAIN_SELF = YES;
				CLANG_WARN_OBJC_LITERAL_CONVERSION = YES;
				CLANG_WARN_OBJC_ROOT_CLASS = YES_ERROR;
				CLANG_WARN_QUOTED_INCLUDE_IN_FRAMEWORK_HEADER = YES;
				CLANG_WARN_RANGE_LOOP_ANALYSIS = YES;
				CLANG_WARN_STRICT_PROTOTYPES = YES;
				CLANG_WARN_SUSPICIOUS_MOVE = YES;
				CLANG_WARN_UNGUARDED_AVAILABILITY = YES_AGGRESSIVE;
				CLANG_WARN_UNREACHABLE_CODE = YES;
				CLANG_WARN__DUPLICATE_METHOD_MATCH = YES;
				COPY_PHASE_STRIP = NO;
				DEBUG_INFORMATION_FORMAT = dwarf;
				ENABLE_STRICT_OBJC_MSGSEND = YES;
				ENABLE_TESTABILITY = YES;
				GCC_C_LANGUAGE_STANDARD = gnu11;
				GCC_DYNAMIC_NO_PIC = NO;
				GCC_NO_COMMON_BLOCKS = YES;
				GCC_OPTIMIZATION_LEVEL = 0;
				GCC_PREPROCESSOR_DEFINITIONS = (
					"DEBUG=1",
					"$(inherited)",
				);
				GCC_WARN_64_TO_32_BIT_CONVERSION = YES;
				GCC_WARN_ABOUT_RETURN_TYPE = YES_ERROR;
				GCC_WARN_UNDECLARED_SELECTOR = YES;
				GCC_WARN_UNINITIALIZED_AUTOS = YES_AGGRESSIVE;
				GCC_WARN_UNUSED_FUNCTION = YES;
				GCC_WARN_UNUSED_VARIABLE = YES;
				MTL_ENABLE_DEBUG_INFO = INCLUDE_SOURCE;
				MTL_FAST_MATH = YES;
				ONLY_ACTIVE_ARCH = YES;
				SWIFT_ACTIVE_COMPILATION_CONDITIONS = DEBUG;
				SWIFT_OPTIMIZATION_LEVEL = "-Onone";
			};
			name = Debug;
		};
		96943658278C1B39007B3405 /* Release */ = {
			isa = XCBuildConfiguration;
			buildSettings = {
				ALWAYS_SEARCH_USER_PATHS = NO;
				CLANG_ANALYZER_NONNULL = YES;
				CLANG_ANALYZER_NUMBER_OBJECT_CONVERSION = YES_AGGRESSIVE;
				CLANG_CXX_LANGUAGE_STANDARD = "gnu++17";
				CLANG_CXX_LIBRARY = "libc++";
				CLANG_ENABLE_MODULES = YES;
				CLANG_ENABLE_OBJC_ARC = YES;
				CLANG_ENABLE_OBJC_WEAK = YES;
				CLANG_WARN_BLOCK_CAPTURE_AUTORELEASING = YES;
				CLANG_WARN_BOOL_CONVERSION = YES;
				CLANG_WARN_COMMA = YES;
				CLANG_WARN_CONSTANT_CONVERSION = YES;
				CLANG_WARN_DEPRECATED_OBJC_IMPLEMENTATIONS = YES;
				CLANG_WARN_DIRECT_OBJC_ISA_USAGE = YES_ERROR;
				CLANG_WARN_DOCUMENTATION_COMMENTS = YES;
				CLANG_WARN_EMPTY_BODY = YES;
				CLANG_WARN_ENUM_CONVERSION = YES;
				CLANG_WARN_INFINITE_RECURSION = YES;
				CLANG_WARN_INT_CONVERSION = YES;
				CLANG_WARN_NON_LITERAL_NULL_CONVERSION = YES;
				CLANG_WARN_OBJC_IMPLICIT_RETAIN_SELF = YES;
				CLANG_WARN_OBJC_LITERAL_CONVERSION = YES;
				CLANG_WARN_OBJC_ROOT_CLASS = YES_ERROR;
				CLANG_WARN_QUOTED_INCLUDE_IN_FRAMEWORK_HEADER = YES;
				CLANG_WARN_RANGE_LOOP_ANALYSIS = YES;
				CLANG_WARN_STRICT_PROTOTYPES = YES;
				CLANG_WARN_SUSPICIOUS_MOVE = YES;
				CLANG_WARN_UNGUARDED_AVAILABILITY = YES_AGGRESSIVE;
				CLANG_WARN_UNREACHABLE_CODE = YES;
				CLANG_WARN__DUPLICATE_METHOD_MATCH = YES;
				COPY_PHASE_STRIP = NO;
				DEBUG_INFORMATION_FORMAT = "dwarf-with-dsym";
				ENABLE_NS_ASSERTIONS = NO;
				ENABLE_STRICT_OBJC_MSGSEND = YES;
				GCC_C_LANGUAGE_STANDARD = gnu11;
				GCC_NO_COMMON_BLOCKS = YES;
				GCC_WARN_64_TO_32_BIT_CONVERSION = YES;
				GCC_WARN_ABOUT_RETURN_TYPE = YES_ERROR;
				GCC_WARN_UNDECLARED_SELECTOR = YES;
				GCC_WARN_UNINITIALIZED_AUTOS = YES_AGGRESSIVE;
				GCC_WARN_UNUSED_FUNCTION = YES;
				GCC_WARN_UNUSED_VARIABLE = YES;
				MTL_ENABLE_DEBUG_INFO = NO;
				MTL_FAST_MATH = YES;
				SWIFT_COMPILATION_MODE = wholemodule;
				SWIFT_OPTIMIZATION_LEVEL = "-O";
			};
			name = Release;
		};
		9694365A278C1B39007B3405 /* Debug */ = {
			isa = XCBuildConfiguration;
			buildSettings = {
				ASSETCATALOG_COMPILER_APPICON_NAME = AppIcon;
				ASSETCATALOG_COMPILER_GLOBAL_ACCENT_COLOR_NAME = AccentColor;
				CODE_SIGN_STYLE = Automatic;
				CURRENT_PROJECT_VERSION = 1;
				DEVELOPMENT_TEAM = VUNZN5P9T8;
				ENABLE_PREVIEWS = YES;
				GENERATE_INFOPLIST_FILE = YES;
				INFOPLIST_FILE = iOS/Info.plist;
				INFOPLIST_KEY_LSSupportsOpeningDocumentsInPlace = YES;
				INFOPLIST_KEY_UIApplicationSceneManifest_Generation = YES;
				INFOPLIST_KEY_UIApplicationSupportsIndirectInputEvents = YES;
				INFOPLIST_KEY_UILaunchScreen_Generation = YES;
				INFOPLIST_KEY_UISupportedInterfaceOrientations_iPad = "UIInterfaceOrientationPortrait UIInterfaceOrientationPortraitUpsideDown UIInterfaceOrientationLandscapeLeft UIInterfaceOrientationLandscapeRight";
				INFOPLIST_KEY_UISupportedInterfaceOrientations_iPhone = "UIInterfaceOrientationPortrait UIInterfaceOrientationLandscapeLeft UIInterfaceOrientationLandscapeRight";
				INFOPLIST_KEY_UISupportsDocumentBrowser = YES;
				IPHONEOS_DEPLOYMENT_TARGET = 15.2;
				LD_RUNPATH_SEARCH_PATHS = (
					"$(inherited)",
					"@executable_path/Frameworks",
				);
				MARKETING_VERSION = 1.0;
				PRODUCT_BUNDLE_IDENTIFIER = com.sankarshana.EmojiArt;
				PRODUCT_NAME = EmojiArt;
				SDKROOT = iphoneos;
				SWIFT_EMIT_LOC_STRINGS = YES;
				SWIFT_VERSION = 5.0;
				TARGETED_DEVICE_FAMILY = "1,2";
			};
			name = Debug;
		};
		9694365B278C1B39007B3405 /* Release */ = {
			isa = XCBuildConfiguration;
			buildSettings = {
				ASSETCATALOG_COMPILER_APPICON_NAME = AppIcon;
				ASSETCATALOG_COMPILER_GLOBAL_ACCENT_COLOR_NAME = AccentColor;
				CODE_SIGN_STYLE = Automatic;
				CURRENT_PROJECT_VERSION = 1;
				DEVELOPMENT_TEAM = VUNZN5P9T8;
				ENABLE_PREVIEWS = YES;
				GENERATE_INFOPLIST_FILE = YES;
				INFOPLIST_FILE = iOS/Info.plist;
				INFOPLIST_KEY_LSSupportsOpeningDocumentsInPlace = YES;
				INFOPLIST_KEY_UIApplicationSceneManifest_Generation = YES;
				INFOPLIST_KEY_UIApplicationSupportsIndirectInputEvents = YES;
				INFOPLIST_KEY_UILaunchScreen_Generation = YES;
				INFOPLIST_KEY_UISupportedInterfaceOrientations_iPad = "UIInterfaceOrientationPortrait UIInterfaceOrientationPortraitUpsideDown UIInterfaceOrientationLandscapeLeft UIInterfaceOrientationLandscapeRight";
				INFOPLIST_KEY_UISupportedInterfaceOrientations_iPhone = "UIInterfaceOrientationPortrait UIInterfaceOrientationLandscapeLeft UIInterfaceOrientationLandscapeRight";
				INFOPLIST_KEY_UISupportsDocumentBrowser = YES;
				IPHONEOS_DEPLOYMENT_TARGET = 15.2;
				LD_RUNPATH_SEARCH_PATHS = (
					"$(inherited)",
					"@executable_path/Frameworks",
				);
				MARKETING_VERSION = 1.0;
				PRODUCT_BUNDLE_IDENTIFIER = com.sankarshana.EmojiArt;
				PRODUCT_NAME = EmojiArt;
				SDKROOT = iphoneos;
				SWIFT_EMIT_LOC_STRINGS = YES;
				SWIFT_VERSION = 5.0;
				TARGETED_DEVICE_FAMILY = "1,2";
				VALIDATE_PRODUCT = YES;
			};
			name = Release;
		};
		9694365D278C1B39007B3405 /* Debug */ = {
			isa = XCBuildConfiguration;
			buildSettings = {
				ASSETCATALOG_COMPILER_APPICON_NAME = AppIcon;
				ASSETCATALOG_COMPILER_GLOBAL_ACCENT_COLOR_NAME = AccentColor;
				CODE_SIGN_ENTITLEMENTS = macOS/macOS.entitlements;
				CODE_SIGN_STYLE = Automatic;
				COMBINE_HIDPI_IMAGES = YES;
				CURRENT_PROJECT_VERSION = 1;
				DEVELOPMENT_TEAM = VUNZN5P9T8;
				ENABLE_HARDENED_RUNTIME = YES;
				ENABLE_PREVIEWS = YES;
				GENERATE_INFOPLIST_FILE = YES;
				INFOPLIST_FILE = macOS/Info.plist;
				INFOPLIST_KEY_NSHumanReadableCopyright = "";
				LD_RUNPATH_SEARCH_PATHS = (
					"$(inherited)",
					"@executable_path/../Frameworks",
				);
				MACOSX_DEPLOYMENT_TARGET = 12.0;
				MARKETING_VERSION = 1.0;
				PRODUCT_BUNDLE_IDENTIFIER = com.sankarshana.EmojiArt;
				PRODUCT_NAME = EmojiArt;
				SDKROOT = macosx;
				SWIFT_EMIT_LOC_STRINGS = YES;
				SWIFT_VERSION = 5.0;
			};
			name = Debug;
		};
		9694365E278C1B39007B3405 /* Release */ = {
			isa = XCBuildConfiguration;
			buildSettings = {
				ASSETCATALOG_COMPILER_APPICON_NAME = AppIcon;
				ASSETCATALOG_COMPILER_GLOBAL_ACCENT_COLOR_NAME = AccentColor;
				CODE_SIGN_ENTITLEMENTS = macOS/macOS.entitlements;
				CODE_SIGN_STYLE = Automatic;
				COMBINE_HIDPI_IMAGES = YES;
				CURRENT_PROJECT_VERSION = 1;
				DEVELOPMENT_TEAM = VUNZN5P9T8;
				ENABLE_HARDENED_RUNTIME = YES;
				ENABLE_PREVIEWS = YES;
				GENERATE_INFOPLIST_FILE = YES;
				INFOPLIST_FILE = macOS/Info.plist;
				INFOPLIST_KEY_NSHumanReadableCopyright = "";
				LD_RUNPATH_SEARCH_PATHS = (
					"$(inherited)",
					"@executable_path/../Frameworks",
				);
				MACOSX_DEPLOYMENT_TARGET = 12.0;
				MARKETING_VERSION = 1.0;
				PRODUCT_BUNDLE_IDENTIFIER = com.sankarshana.EmojiArt;
				PRODUCT_NAME = EmojiArt;
				SDKROOT = macosx;
				SWIFT_EMIT_LOC_STRINGS = YES;
				SWIFT_VERSION = 5.0;
			};
			name = Release;
		};
/* End XCBuildConfiguration section */

/* Begin XCConfigurationList section */
		96943639278C1B36007B3405 /* Build configuration list for PBXProject "EmojiArt" */ = {
			isa = XCConfigurationList;
			buildConfigurations = (
				96943657278C1B39007B3405 /* Debug */,
				96943658278C1B39007B3405 /* Release */,
			);
			defaultConfigurationIsVisible = 0;
			defaultConfigurationName = Release;
		};
		96943659278C1B39007B3405 /* Build configuration list for PBXNativeTarget "EmojiArt (iOS)" */ = {
			isa = XCConfigurationList;
			buildConfigurations = (
				9694365A278C1B39007B3405 /* Debug */,
				9694365B278C1B39007B3405 /* Release */,
			);
			defaultConfigurationIsVisible = 0;
			defaultConfigurationName = Release;
		};
		9694365C278C1B39007B3405 /* Build configuration list for PBXNativeTarget "EmojiArt (macOS)" */ = {
			isa = XCConfigurationList;
			buildConfigurations = (
				9694365D278C1B39007B3405 /* Debug */,
				9694365E278C1B39007B3405 /* Release */,
			);
			defaultConfigurationIsVisible = 0;
			defaultConfigurationName = Release;
		};
/* End XCConfigurationList section */
	};
	rootObject = 96943636278C1B36007B3405 /* Project object */;
}
